
Microsoft Visual Studio Solution File, Format Version 12.00
# Visual Studio Version 16
VisualStudioVersion = 16.0.30309.148
MinimumVisualStudioVersion = 10.0.40219.1
Project("{FAE04EC0-301F-11D3-BF4B-00C04F79EFBC}") = "fabel-extractor", "fabel-extractor\fabel-extractor.csproj", "{C99DC251-E1A0-467A-B02E-EB940547E708}"
EndProject
Project("{FAE04EC0-301F-11D3-BF4B-00C04F79EFBC}") = "fabel-extractor-common", "fabel-extractor-blogger\fabel-extractor-common.csproj", "{0A34B84A-02C6-4713-81D1-A4E47E6D9CEB}"
EndProject
Global
	GlobalSection(SolutionConfigurationPlatforms) = preSolution
		Debug|Any CPU = Debug|Any CPU
		Release|Any CPU = Release|Any CPU
	EndGlobalSection
	GlobalSection(ProjectConfigurationPlatforms) = postSolution
		{C99DC251-E1A0-467A-B02E-EB940547E708}.Debug|Any CPU.ActiveCfg = Debug|Any CPU
		{C99DC251-E1A0-467A-B02E-EB940547E708}.Debug|Any CPU.Build.0 = Debug|Any CPU
		{C99DC251-E1A0-467A-B02E-EB940547E708}.Release|Any CPU.ActiveCfg = Release|Any CPU
		{C99DC251-E1A0-467A-B02E-EB940547E708}.Release|Any CPU.Build.0 = Release|Any CPU
		{0A34B84A-02C6-4713-81D1-A4E47E6D9CEB}.Debug|Any CPU.ActiveCfg = Debug|Any CPU
		{0A34B84A-02C6-4713-81D1-A4E47E6D9CEB}.Debug|Any CPU.Build.0 = Debug|Any CPU
		{0A34B84A-02C6-4713-81D1-A4E47E6D9CEB}.Release|Any CPU.ActiveCfg = Release|Any CPU
		{0A34B84A-02C6-4713-81D1-A4E47E6D9CEB}.Release|Any CPU.Build.0 = Release|Any CPU
	EndGlobalSection
	GlobalSection(SolutionProperties) = preSolution
		HideSolutionNode = FALSE
	EndGlobalSection
	GlobalSection(ExtensibilityGlobals) = postSolution
		SolutionGuid = {64A4E3F7-D260-4C66-9A27-D27EA194D4D4}
	EndGlobalSection
EndGlobal
