
Microsoft Visual Studio Solution File, Format Version 12.00
# Visual Studio Version 16
VisualStudioVersion = 16.0.30309.148
MinimumVisualStudioVersion = 10.0.40219.1
Project("{FAE04EC0-301F-11D3-BF4B-00C04F79EFBC}") = "fabel-extractor", "fabel-extractor\fabel-extractor.csproj", "{C99DC251-E1A0-467A-B02E-EB940547E708}"
EndProject
Project("{FAE04EC0-301F-11D3-BF4B-00C04F79EFBC}") = "fabel-loadmodule", "fabel-loadmodule\fabel-loadmodule.csproj", "{D82EF62B-FABC-4CB9-95CD-06398396DD50}"
EndProject
Global
	GlobalSection(SolutionConfigurationPlatforms) = preSolution
		Debug|Any CPU = Debug|Any CPU
		Debug|x64 = Debug|x64
		Debug|x86 = Debug|x86
		Release|Any CPU = Release|Any CPU
		Release|x64 = Release|x64
		Release|x86 = Release|x86
	EndGlobalSection
	GlobalSection(ProjectConfigurationPlatforms) = postSolution
		{C99DC251-E1A0-467A-B02E-EB940547E708}.Debug|Any CPU.ActiveCfg = Debug|Any CPU
		{C99DC251-E1A0-467A-B02E-EB940547E708}.Debug|Any CPU.Build.0 = Debug|Any CPU
		{C99DC251-E1A0-467A-B02E-EB940547E708}.Debug|x64.ActiveCfg = Debug|x64
		{C99DC251-E1A0-467A-B02E-EB940547E708}.Debug|x64.Build.0 = Debug|x64
		{C99DC251-E1A0-467A-B02E-EB940547E708}.Debug|x86.ActiveCfg = Debug|x86
		{C99DC251-E1A0-467A-B02E-EB940547E708}.Debug|x86.Build.0 = Debug|x86
		{C99DC251-E1A0-467A-B02E-EB940547E708}.Release|Any CPU.ActiveCfg = Release|Any CPU
		{C99DC251-E1A0-467A-B02E-EB940547E708}.Release|Any CPU.Build.0 = Release|Any CPU
		{C99DC251-E1A0-467A-B02E-EB940547E708}.Release|x64.ActiveCfg = Release|x64
		{C99DC251-E1A0-467A-B02E-EB940547E708}.Release|x64.Build.0 = Release|x64
		{C99DC251-E1A0-467A-B02E-EB940547E708}.Release|x86.ActiveCfg = Release|x86
		{C99DC251-E1A0-467A-B02E-EB940547E708}.Release|x86.Build.0 = Release|x86
		{D82EF62B-FABC-4CB9-95CD-06398396DD50}.Debug|Any CPU.ActiveCfg = Debug|Any CPU
		{D82EF62B-FABC-4CB9-95CD-06398396DD50}.Debug|Any CPU.Build.0 = Debug|Any CPU
		{D82EF62B-FABC-4CB9-95CD-06398396DD50}.Debug|x64.ActiveCfg = Debug|x64
		{D82EF62B-FABC-4CB9-95CD-06398396DD50}.Debug|x64.Build.0 = Debug|x64
		{D82EF62B-FABC-4CB9-95CD-06398396DD50}.Debug|x86.ActiveCfg = Debug|x86
		{D82EF62B-FABC-4CB9-95CD-06398396DD50}.Debug|x86.Build.0 = Debug|x86
		{D82EF62B-FABC-4CB9-95CD-06398396DD50}.Release|Any CPU.ActiveCfg = Release|Any CPU
		{D82EF62B-FABC-4CB9-95CD-06398396DD50}.Release|Any CPU.Build.0 = Release|Any CPU
		{D82EF62B-FABC-4CB9-95CD-06398396DD50}.Release|x64.ActiveCfg = Release|x64
		{D82EF62B-FABC-4CB9-95CD-06398396DD50}.Release|x64.Build.0 = Release|x64
		{D82EF62B-FABC-4CB9-95CD-06398396DD50}.Release|x86.ActiveCfg = Release|x86
		{D82EF62B-FABC-4CB9-95CD-06398396DD50}.Release|x86.Build.0 = Release|x86
	EndGlobalSection
	GlobalSection(SolutionProperties) = preSolution
		HideSolutionNode = FALSE
	EndGlobalSection
	GlobalSection(ExtensibilityGlobals) = postSolution
		SolutionGuid = {64A4E3F7-D260-4C66-9A27-D27EA194D4D4}
	EndGlobalSection
EndGlobal
